// !$*UTF8*$!
{
	archiveVersion = 1;
	classes = {
	};
	objectVersion = 56;
	objects = {

/* Begin PBXBuildFile section */
		0068F3732CE686A7000D8926 /* movies.json in Resources */ = {isa = PBXBuildFile; fileRef = 0068F3722CE686A7000D8926 /* movies.json */; };
		0068F3772CE693F1000D8926 /* DescriptionViewController.swift in Sources */ = {isa = PBXBuildFile; fileRef = 0068F3762CE693F1000D8926 /* DescriptionViewController.swift */; };
		00736AE92CE64D4000EC501E /* AppDelegate.swift in Sources */ = {isa = PBXBuildFile; fileRef = 00736AE82CE64D4000EC501E /* AppDelegate.swift */; };
		00736AEB2CE64D4000EC501E /* SceneDelegate.swift in Sources */ = {isa = PBXBuildFile; fileRef = 00736AEA2CE64D4000EC501E /* SceneDelegate.swift */; };
		00736AED2CE64D4000EC501E /* ViewController.swift in Sources */ = {isa = PBXBuildFile; fileRef = 00736AEC2CE64D4000EC501E /* ViewController.swift */; };
		00736AF02CE64D4000EC501E /* Main.storyboard in Resources */ = {isa = PBXBuildFile; fileRef = 00736AEE2CE64D4000EC501E /* Main.storyboard */; };
		00736AF22CE64D4100EC501E /* Assets.xcassets in Resources */ = {isa = PBXBuildFile; fileRef = 00736AF12CE64D4100EC501E /* Assets.xcassets */; };
		00736AF52CE64D4100EC501E /* LaunchScreen.storyboard in Resources */ = {isa = PBXBuildFile; fileRef = 00736AF32CE64D4100EC501E /* LaunchScreen.storyboard */; };
		00736AFE2CE66BDD00EC501E /* myTableViewCell.swift in Sources */ = {isa = PBXBuildFile; fileRef = 00736AFC2CE66BDD00EC501E /* myTableViewCell.swift */; };
		00736AFF2CE66BDD00EC501E /* myTableViewCell.xib in Resources */ = {isa = PBXBuildFile; fileRef = 00736AFD2CE66BDD00EC501E /* myTableViewCell.xib */; };
		00A50CA52CE6D74800BDF806 /* music.json in Resources */ = {isa = PBXBuildFile; fileRef = 00A50CA32CE6D74800BDF806 /* music.json */; };
		00A50CA62CE6D74800BDF806 /* books.json in Resources */ = {isa = PBXBuildFile; fileRef = 00A50CA42CE6D74800BDF806 /* books.json */; };
/* End PBXBuildFile section */

/* Begin PBXFileReference section */
		0068F3722CE686A7000D8926 /* movies.json */ = {isa = PBXFileReference; fileEncoding = 4; lastKnownFileType = text.json; path = movies.json; sourceTree = "<group>"; };
		0068F3762CE693F1000D8926 /* DescriptionViewController.swift */ = {isa = PBXFileReference; lastKnownFileType = sourcecode.swift; path = DescriptionViewController.swift; sourceTree = "<group>"; };
		00736AE52CE64D4000EC501E /* movieCollection.app */ = {isa = PBXFileReference; explicitFileType = wrapper.application; includeInIndex = 0; path = movieCollection.app; sourceTree = BUILT_PRODUCTS_DIR; };
		00736AE82CE64D4000EC501E /* AppDelegate.swift */ = {isa = PBXFileReference; lastKnownFileType = sourcecode.swift; path = AppDelegate.swift; sourceTree = "<group>"; };
		00736AEA2CE64D4000EC501E /* SceneDelegate.swift */ = {isa = PBXFileReference; lastKnownFileType = sourcecode.swift; path = SceneDelegate.swift; sourceTree = "<group>"; };
		00736AEC2CE64D4000EC501E /* ViewController.swift */ = {isa = PBXFileReference; lastKnownFileType = sourcecode.swift; path = ViewController.swift; sourceTree = "<group>"; };
		00736AEF2CE64D4000EC501E /* Base */ = {isa = PBXFileReference; lastKnownFileType = file.storyboard; name = Base; path = Base.lproj/Main.storyboard; sourceTree = "<group>"; };
		00736AF12CE64D4100EC501E /* Assets.xcassets */ = {isa = PBXFileReference; lastKnownFileType = folder.assetcatalog; path = Assets.xcassets; sourceTree = "<group>"; };
		00736AF42CE64D4100EC501E /* Base */ = {isa = PBXFileReference; lastKnownFileType = file.storyboard; name = Base; path = Base.lproj/LaunchScreen.storyboard; sourceTree = "<group>"; };
		00736AF62CE64D4100EC501E /* Info.plist */ = {isa = PBXFileReference; lastKnownFileType = text.plist.xml; path = Info.plist; sourceTree = "<group>"; };
		00736AFC2CE66BDD00EC501E /* myTableViewCell.swift */ = {isa = PBXFileReference; lastKnownFileType = sourcecode.swift; path = myTableViewCell.swift; sourceTree = "<group>"; };
		00736AFD2CE66BDD00EC501E /* myTableViewCell.xib */ = {isa = PBXFileReference; lastKnownFileType = file.xib; path = myTableViewCell.xib; sourceTree = "<group>"; };
		00A50CA32CE6D74800BDF806 /* music.json */ = {isa = PBXFileReference; fileEncoding = 4; lastKnownFileType = text.json; path = music.json; sourceTree = "<group>"; };
		00A50CA42CE6D74800BDF806 /* books.json */ = {isa = PBXFileReference; fileEncoding = 4; lastKnownFileType = text.json; path = books.json; sourceTree = "<group>"; };
/* End PBXFileReference section */

/* Begin PBXFrameworksBuildPhase section */
		00736AE22CE64D4000EC501E /* Frameworks */ = {
			isa = PBXFrameworksBuildPhase;
			buildActionMask = 2147483647;
			files = (
			);
			runOnlyForDeploymentPostprocessing = 0;
		};
/* End PBXFrameworksBuildPhase section */

/* Begin PBXGroup section */
		00736ADC2CE64D4000EC501E = {
			isa = PBXGroup;
			children = (
				0068F3722CE686A7000D8926 /* movies.json */,
				00A50CA42CE6D74800BDF806 /* books.json */,
				00A50CA32CE6D74800BDF806 /* music.json */,
				00736AE72CE64D4000EC501E /* movieCollection */,
				00736AE62CE64D4000EC501E /* Products */,
			);
			sourceTree = "<group>";
		};
		00736AE62CE64D4000EC501E /* Products */ = {
			isa = PBXGroup;
			children = (
				00736AE52CE64D4000EC501E /* movieCollection.app */,
			);
			name = Products;
			sourceTree = "<group>";
		};
		00736AE72CE64D4000EC501E /* movieCollection */ = {
			isa = PBXGroup;
			children = (
				00736AE82CE64D4000EC501E /* AppDelegate.swift */,
				00736AEA2CE64D4000EC501E /* SceneDelegate.swift */,
				00736AEC2CE64D4000EC501E /* ViewController.swift */,
				00736AFC2CE66BDD00EC501E /* myTableViewCell.swift */,
				00736AFD2CE66BDD00EC501E /* myTableViewCell.xib */,
				0068F3762CE693F1000D8926 /* DescriptionViewController.swift */,
				00736AEE2CE64D4000EC501E /* Main.storyboard */,
				00736AF12CE64D4100EC501E /* Assets.xcassets */,
				00736AF32CE64D4100EC501E /* LaunchScreen.storyboard */,
				00736AF62CE64D4100EC501E /* Info.plist */,
			);
			path = movieCollection;
			sourceTree = "<group>";
		};
/* End PBXGroup section */

/* Begin PBXNativeTarget section */
		00736AE42CE64D4000EC501E /* movieCollection */ = {
			isa = PBXNativeTarget;
			buildConfigurationList = 00736AF92CE64D4100EC501E /* Build configuration list for PBXNativeTarget "movieCollection" */;
			buildPhases = (
				00736AE12CE64D4000EC501E /* Sources */,
				00736AE22CE64D4000EC501E /* Frameworks */,
				00736AE32CE64D4000EC501E /* Resources */,
			);
			buildRules = (
			);
			dependencies = (
			);
			name = movieCollection;
			productName = movieCollection;
			productReference = 00736AE52CE64D4000EC501E /* movieCollection.app */;
			productType = "com.apple.product-type.application";
		};
/* End PBXNativeTarget section */

/* Begin PBXProject section */
		00736ADD2CE64D4000EC501E /* Project object */ = {
			isa = PBXProject;
			attributes = {
				BuildIndependentTargetsInParallel = 1;
				LastSwiftUpdateCheck = 1430;
				LastUpgradeCheck = 1430;
				TargetAttributes = {
					00736AE42CE64D4000EC501E = {
						CreatedOnToolsVersion = 14.3.1;
					};
				};
			};
			buildConfigurationList = 00736AE02CE64D4000EC501E /* Build configuration list for PBXProject "movieCollection" */;
			compatibilityVersion = "Xcode 14.0";
			developmentRegion = en;
			hasScannedForEncodings = 0;
			knownRegions = (
				en,
				Base,
			);
			mainGroup = 00736ADC2CE64D4000EC501E;
			productRefGroup = 00736AE62CE64D4000EC501E /* Products */;
			projectDirPath = "";
			projectRoot = "";
			targets = (
				00736AE42CE64D4000EC501E /* movieCollection */,
			);
		};
/* End PBXProject section */

/* Begin PBXResourcesBuildPhase section */
		00736AE32CE64D4000EC501E /* Resources */ = {
			isa = PBXResourcesBuildPhase;
			buildActionMask = 2147483647;
			files = (
				00A50CA62CE6D74800BDF806 /* books.json in Resources */,
				00736AF52CE64D4100EC501E /* LaunchScreen.storyboard in Resources */,
				00A50CA52CE6D74800BDF806 /* music.json in Resources */,
				00736AFF2CE66BDD00EC501E /* myTableViewCell.xib in Resources */,
				0068F3732CE686A7000D8926 /* movies.json in Resources */,
				00736AF22CE64D4100EC501E /* Assets.xcassets in Resources */,
				00736AF02CE64D4000EC501E /* Main.storyboard in Resources */,
			);
			runOnlyForDeploymentPostprocessing = 0;
		};
/* End PBXResourcesBuildPhase section */

/* Begin PBXSourcesBuildPhase section */
		00736AE12CE64D4000EC501E /* Sources */ = {
			isa = PBXSourcesBuildPhase;
			buildActionMask = 2147483647;
			files = (
				00736AED2CE64D4000EC501E /* ViewController.swift in Sources */,
				00736AFE2CE66BDD00EC501E /* myTableViewCell.swift in Sources */,
				00736AE92CE64D4000EC501E /* AppDelegate.swift in Sources */,
				0068F3772CE693F1000D8926 /* DescriptionViewController.swift in Sources */,
				00736AEB2CE64D4000EC501E /* SceneDelegate.swift in Sources */,
			);
			runOnlyForDeploymentPostprocessing = 0;
		};
/* End PBXSourcesBuildPhase section */

/* Begin PBXVariantGroup section */
		00736AEE2CE64D4000EC501E /* Main.storyboard */ = {
			isa = PBXVariantGroup;
			children = (
				00736AEF2CE64D4000EC501E /* Base */,
			);
			name = Main.storyboard;
			sourceTree = "<group>";
		};
		00736AF32CE64D4100EC501E /* LaunchScreen.storyboard */ = {
			isa = PBXVariantGroup;
			children = (
				00736AF42CE64D4100EC501E /* Base */,
			);
			name = LaunchScreen.storyboard;
			sourceTree = "<group>";
		};
/* End PBXVariantGroup section */

/* Begin XCBuildConfiguration section */
		00736AF72CE64D4100EC501E /* Debug */ = {
			isa = XCBuildConfiguration;
			buildSettings = {
				ALWAYS_SEARCH_USER_PATHS = NO;
				CLANG_ANALYZER_NONNULL = YES;
				CLANG_ANALYZER_NUMBER_OBJECT_CONVERSION = YES_AGGRESSIVE;
				CLANG_CXX_LANGUAGE_STANDARD = "gnu++20";
				CLANG_ENABLE_MODULES = YES;
				CLANG_ENABLE_OBJC_ARC = YES;
				CLANG_ENABLE_OBJC_WEAK = YES;
				CLANG_WARN_BLOCK_CAPTURE_AUTORELEASING = YES;
				CLANG_WARN_BOOL_CONVERSION = YES;
				CLANG_WARN_COMMA = YES;
				CLANG_WARN_CONSTANT_CONVERSION = YES;
				CLANG_WARN_DEPRECATED_OBJC_IMPLEMENTATIONS = YES;
				CLANG_WARN_DIRECT_OBJC_ISA_USAGE = YES_ERROR;
				CLANG_WARN_DOCUMENTATION_COMMENTS = YES;
				CLANG_WARN_EMPTY_BODY = YES;
				CLANG_WARN_ENUM_CONVERSION = YES;
				CLANG_WARN_INFINITE_RECURSION = YES;
				CLANG_WARN_INT_CONVERSION = YES;
				CLANG_WARN_NON_LITERAL_NULL_CONVERSION = YES;
				CLANG_WARN_OBJC_IMPLICIT_RETAIN_SELF = YES;
				CLANG_WARN_OBJC_LITERAL_CONVERSION = YES;
				CLANG_WARN_OBJC_ROOT_CLASS = YES_ERROR;
				CLANG_WARN_QUOTED_INCLUDE_IN_FRAMEWORK_HEADER = YES;
				CLANG_WARN_RANGE_LOOP_ANALYSIS = YES;
				CLANG_WARN_STRICT_PROTOTYPES = YES;
				CLANG_WARN_SUSPICIOUS_MOVE = YES;
				CLANG_WARN_UNGUARDED_AVAILABILITY = YES_AGGRESSIVE;
				CLANG_WARN_UNREACHABLE_CODE = YES;
				CLANG_WARN__DUPLICATE_METHOD_MATCH = YES;
				COPY_PHASE_STRIP = NO;
				DEBUG_INFORMATION_FORMAT = dwarf;
				ENABLE_STRICT_OBJC_MSGSEND = YES;
				ENABLE_TESTABILITY = YES;
				GCC_C_LANGUAGE_STANDARD = gnu11;
				GCC_DYNAMIC_NO_PIC = NO;
				GCC_NO_COMMON_BLOCKS = YES;
				GCC_OPTIMIZATION_LEVEL = 0;
				GCC_PREPROCESSOR_DEFINITIONS = (
					"DEBUG=1",
					"$(inherited)",
				);
				GCC_WARN_64_TO_32_BIT_CONVERSION = YES;
				GCC_WARN_ABOUT_RETURN_TYPE = YES_ERROR;
				GCC_WARN_UNDECLARED_SELECTOR = YES;
				GCC_WARN_UNINITIALIZED_AUTOS = YES_AGGRESSIVE;
				GCC_WARN_UNUSED_FUNCTION = YES;
				GCC_WARN_UNUSED_VARIABLE = YES;
				IPHONEOS_DEPLOYMENT_TARGET = 16.4;
				MTL_ENABLE_DEBUG_INFO = INCLUDE_SOURCE;
				MTL_FAST_MATH = YES;
				ONLY_ACTIVE_ARCH = YES;
				SDKROOT = iphoneos;
				SWIFT_ACTIVE_COMPILATION_CONDITIONS = DEBUG;
				SWIFT_OPTIMIZATION_LEVEL = "-Onone";
			};
			name = Debug;
		};
		00736AF82CE64D4100EC501E /* Release */ = {
			isa = XCBuildConfiguration;
			buildSettings = {
				ALWAYS_SEARCH_USER_PATHS = NO;
				CLANG_ANALYZER_NONNULL = YES;
				CLANG_ANALYZER_NUMBER_OBJECT_CONVERSION = YES_AGGRESSIVE;
				CLANG_CXX_LANGUAGE_STANDARD = "gnu++20";
				CLANG_ENABLE_MODULES = YES;
				CLANG_ENABLE_OBJC_ARC = YES;
				CLANG_ENABLE_OBJC_WEAK = YES;
				CLANG_WARN_BLOCK_CAPTURE_AUTORELEASING = YES;
				CLANG_WARN_BOOL_CONVERSION = YES;
				CLANG_WARN_COMMA = YES;
				CLANG_WARN_CONSTANT_CONVERSION = YES;
				CLANG_WARN_DEPRECATED_OBJC_IMPLEMENTATIONS = YES;
				CLANG_WARN_DIRECT_OBJC_ISA_USAGE = YES_ERROR;
				CLANG_WARN_DOCUMENTATION_COMMENTS = YES;
				CLANG_WARN_EMPTY_BODY = YES;
				CLANG_WARN_ENUM_CONVERSION = YES;
				CLANG_WARN_INFINITE_RECURSION = YES;
				CLANG_WARN_INT_CONVERSION = YES;
				CLANG_WARN_NON_LITERAL_NULL_CONVERSION = YES;
				CLANG_WARN_OBJC_IMPLICIT_RETAIN_SELF = YES;
				CLANG_WARN_OBJC_LITERAL_CONVERSION = YES;
				CLANG_WARN_OBJC_ROOT_CLASS = YES_ERROR;
				CLANG_WARN_QUOTED_INCLUDE_IN_FRAMEWORK_HEADER = YES;
				CLANG_WARN_RANGE_LOOP_ANALYSIS = YES;
				CLANG_WARN_STRICT_PROTOTYPES = YES;
				CLANG_WARN_SUSPICIOUS_MOVE = YES;
				CLANG_WARN_UNGUARDED_AVAILABILITY = YES_AGGRESSIVE;
				CLANG_WARN_UNREACHABLE_CODE = YES;
				CLANG_WARN__DUPLICATE_METHOD_MATCH = YES;
				COPY_PHASE_STRIP = NO;
				DEBUG_INFORMATION_FORMAT = "dwarf-with-dsym";
				ENABLE_NS_ASSERTIONS = NO;
				ENABLE_STRICT_OBJC_MSGSEND = YES;
				GCC_C_LANGUAGE_STANDARD = gnu11;
				GCC_NO_COMMON_BLOCKS = YES;
				GCC_WARN_64_TO_32_BIT_CONVERSION = YES;
				GCC_WARN_ABOUT_RETURN_TYPE = YES_ERROR;
				GCC_WARN_UNDECLARED_SELECTOR = YES;
				GCC_WARN_UNINITIALIZED_AUTOS = YES_AGGRESSIVE;
				GCC_WARN_UNUSED_FUNCTION = YES;
				GCC_WARN_UNUSED_VARIABLE = YES;
				IPHONEOS_DEPLOYMENT_TARGET = 16.4;
				MTL_ENABLE_DEBUG_INFO = NO;
				MTL_FAST_MATH = YES;
				SDKROOT = iphoneos;
				SWIFT_COMPILATION_MODE = wholemodule;
				SWIFT_OPTIMIZATION_LEVEL = "-O";
				VALIDATE_PRODUCT = YES;
			};
			name = Release;
		};
		00736AFA2CE64D4100EC501E /* Debug */ = {
			isa = XCBuildConfiguration;
			buildSettings = {
				ASSETCATALOG_COMPILER_APPICON_NAME = AppIcon;
				ASSETCATALOG_COMPILER_GLOBAL_ACCENT_COLOR_NAME = AccentColor;
				CODE_SIGN_STYLE = Automatic;
				CURRENT_PROJECT_VERSION = 1;
				DEVELOPMENT_TEAM = 3MQYYRU258;
				GENERATE_INFOPLIST_FILE = YES;
				INFOPLIST_FILE = movieCollection/Info.plist;
				INFOPLIST_KEY_UIApplicationSupportsIndirectInputEvents = YES;
				INFOPLIST_KEY_UILaunchStoryboardName = LaunchScreen;
				INFOPLIST_KEY_UIMainStoryboardFile = Main;
				INFOPLIST_KEY_UISupportedInterfaceOrientations_iPad = "UIInterfaceOrientationPortrait UIInterfaceOrientationPortraitUpsideDown UIInterfaceOrientationLandscapeLeft UIInterfaceOrientationLandscapeRight";
				INFOPLIST_KEY_UISupportedInterfaceOrientations_iPhone = "UIInterfaceOrientationPortrait UIInterfaceOrientationLandscapeLeft UIInterfaceOrientationLandscapeRight";
				LD_RUNPATH_SEARCH_PATHS = (
					"$(inherited)",
					"@executable_path/Frameworks",
				);
				MARKETING_VERSION = 1.0;
				PRODUCT_BUNDLE_IDENTIFIER = ksnbkvais.movieCollection;
				PRODUCT_NAME = "$(TARGET_NAME)";
				SWIFT_EMIT_LOC_STRINGS = YES;
				SWIFT_VERSION = 5.0;
				TARGETED_DEVICE_FAMILY = "1,2";
			};
			name = Debug;
		};
		00736AFB2CE64D4100EC501E /* Release */ = {
			isa = XCBuildConfiguration;
			buildSettings = {
				ASSETCATALOG_COMPILER_APPICON_NAME = AppIcon;
				ASSETCATALOG_COMPILER_GLOBAL_ACCENT_COLOR_NAME = AccentColor;
				CODE_SIGN_STYLE = Automatic;
				CURRENT_PROJECT_VERSION = 1;
				DEVELOPMENT_TEAM = 3MQYYRU258;
				GENERATE_INFOPLIST_FILE = YES;
				INFOPLIST_FILE = movieCollection/Info.plist;
				INFOPLIST_KEY_UIApplicationSupportsIndirectInputEvents = YES;
				INFOPLIST_KEY_UILaunchStoryboardName = LaunchScreen;
				INFOPLIST_KEY_UIMainStoryboardFile = Main;
				INFOPLIST_KEY_UISupportedInterfaceOrientations_iPad = "UIInterfaceOrientationPortrait UIInterfaceOrientationPortraitUpsideDown UIInterfaceOrientationLandscapeLeft UIInterfaceOrientationLandscapeRight";
				INFOPLIST_KEY_UISupportedInterfaceOrientations_iPhone = "UIInterfaceOrientationPortrait UIInterfaceOrientationLandscapeLeft UIInterfaceOrientationLandscapeRight";
				LD_RUNPATH_SEARCH_PATHS = (
					"$(inherited)",
					"@executable_path/Frameworks",
				);
				MARKETING_VERSION = 1.0;
				PRODUCT_BUNDLE_IDENTIFIER = ksnbkvais.movieCollection;
				PRODUCT_NAME = "$(TARGET_NAME)";
				SWIFT_EMIT_LOC_STRINGS = YES;
				SWIFT_VERSION = 5.0;
				TARGETED_DEVICE_FAMILY = "1,2";
			};
			name = Release;
		};
/* End XCBuildConfiguration section */

/* Begin XCConfigurationList section */
		00736AE02CE64D4000EC501E /* Build configuration list for PBXProject "movieCollection" */ = {
			isa = XCConfigurationList;
			buildConfigurations = (
				00736AF72CE64D4100EC501E /* Debug */,
				00736AF82CE64D4100EC501E /* Release */,
			);
			defaultConfigurationIsVisible = 0;
			defaultConfigurationName = Release;
		};
		00736AF92CE64D4100EC501E /* Build configuration list for PBXNativeTarget "movieCollection" */ = {
			isa = XCConfigurationList;
			buildConfigurations = (
				00736AFA2CE64D4100EC501E /* Debug */,
				00736AFB2CE64D4100EC501E /* Release */,
			);
			defaultConfigurationIsVisible = 0;
			defaultConfigurationName = Release;
		};
/* End XCConfigurationList section */
	};
	rootObject = 00736ADD2CE64D4000EC501E /* Project object */;
}
